
Microsoft Visual Studio Solution File, Format Version 12.00
# Visual Studio 15
VisualStudioVersion = 15.0.27130.0
MinimumVisualStudioVersion = 10.0.40219.1
Project("{FAE04EC0-301F-11D3-BF4B-00C04F79EFBC}") = "Memoryscape", "Memoryscape\Memoryscape.csproj", "{3AA3D012-B201-40EC-ABDB-873064217A56}"
EndProject
Global
	GlobalSection(SolutionConfigurationPlatforms) = preSolution
		Debug|Any CPU = Debug|Any CPU
		Release|Any CPU = Release|Any CPU
	EndGlobalSection
	GlobalSection(ProjectConfigurationPlatforms) = postSolution
		{3AA3D012-B201-40EC-ABDB-873064217A56}.Debug|Any CPU.ActiveCfg = Debug|Any CPU
		{3AA3D012-B201-40EC-ABDB-873064217A56}.Debug|Any CPU.Build.0 = Debug|Any CPU
		{3AA3D012-B201-40EC-ABDB-873064217A56}.Release|Any CPU.ActiveCfg = Release|Any CPU
		{3AA3D012-B201-40EC-ABDB-873064217A56}.Release|Any CPU.Build.0 = Release|Any CPU
	EndGlobalSection
	GlobalSection(SolutionProperties) = preSolution
		HideSolutionNode = FALSE
	EndGlobalSection
	GlobalSection(ExtensibilityGlobals) = postSolution
		SolutionGuid = {FA1856D3-A09C-4682-89A8-5B223F2EF80C}
	EndGlobalSection
EndGlobal
